<Solution>
  <Folder Name="/src/">
    <Project Path="src/Orbyss.Foundation.Build/Orbyss.Foundation.Build.csproj" />
    <Project Path="src/Orbyss.Foundation.Analyzers/Orbyss.Foundation.Analyzers.csproj" />
    <Project Path="src/Orbyss.Foundation.Authentication.Assurance/Orbyss.Foundation.Authentication.Assurance.csproj" />
    <Project Path="src/Orbyss.Foundation.Authentication.BffCookie/Orbyss.Foundation.Authentication.BffCookie.csproj" />
    <Project Path="src/Orbyss.Foundation.Authentication.ClientCredentials/Orbyss.Foundation.Authentication.ClientCredentials.csproj" />
    <Project Path="src/Orbyss.Foundation.Authentication.DownstreamApi/Orbyss.Foundation.Authentication.DownstreamApi.csproj" />
    <Project Path="src/Orbyss.Foundation.Authentication.DPoP/Orbyss.Foundation.Authentication.DPoP.csproj" />
    <Project Path="src/Orbyss.Foundation.Authentication.SpaPkce/Orbyss.Foundation.Authentication.SpaPkce.csproj" />
    <Project Path="src/Orbyss.Foundation.Authentication.TokenExchange/Orbyss.Foundation.Authentication.TokenExchange.csproj" />
    <Project Path="src/Orbyss.Foundation.Authentication/Orbyss.Foundation.Authentication.csproj" />
    <Project Path="src/Orbyss.Foundation.DomainEvents.Abstractions/Orbyss.Foundation.DomainEvents.Abstractions.csproj" />
    <Project Path="src/Orbyss.Foundation.DomainEvents/Orbyss.Foundation.DomainEvents.csproj" />
    <Project Path="src/Orbyss.Foundation.Host/Orbyss.Foundation.Host.csproj" />
    <Project Path="src/Orbyss.Foundation.Identity.Admin.Abstractions/Orbyss.Foundation.Identity.Admin.Abstractions.csproj" />
    <Project Path="src/Orbyss.Foundation.Identity.Keycloak.Admin/Orbyss.Foundation.Identity.Keycloak.Admin.csproj" />
    <Project Path="src/Orbyss.Foundation.Json.AspNetCore/Orbyss.Foundation.Json.AspNetCore.csproj" />
    <Project Path="src/Orbyss.Foundation.Json/Orbyss.Foundation.Json.csproj" />
    <Project Path="src/Orbyss.Foundation.Mcp.AspNetCore/Orbyss.Foundation.Mcp.AspNetCore.csproj" />
    <Project Path="src/Orbyss.Foundation.OpenApi.Exporter/Orbyss.Foundation.OpenApi.Exporter.csproj" />
    <Project Path="src/Orbyss.Foundation.Tasks.Abstractions/Orbyss.Foundation.Tasks.Abstractions.csproj" />
    <Project Path="src/Orbyss.Foundation.Tasks/Orbyss.Foundation.Tasks.csproj" />
    <Project Path="src/Orbyss.Foundation.Web.Discovery.Abstractions/Orbyss.Foundation.Web.Discovery.Abstractions.csproj" />
    <Project Path="src/Orbyss.Foundation.Web.Discovery/Orbyss.Foundation.Web.Discovery.csproj" />
    <Project Path="src/Orbyss.Foundation.Web.HostedPages/Orbyss.Foundation.Web.HostedPages.csproj" />
    <Project Path="src/Orbyss.Foundation.Web.OpenApi/Orbyss.Foundation.Web.OpenApi.csproj" />
    <Project Path="src/Orbyss.Foundation.Web.ProblemDetails/Orbyss.Foundation.Web.ProblemDetails.csproj" />
    <Project Path="src/Orbyss.Foundation.WebDefaults/Orbyss.Foundation.WebDefaults.csproj" />
    <Project Path="src/Orbyss.Foundation.Authentication.Core/Orbyss.Foundation.Authentication.Core.csproj" />
    <Project Path="src/Orbyss.Foundation.Collections.Core/Orbyss.Foundation.Collections.Core.csproj" />
    <Project Path="src/Orbyss.Foundation.Execution/Orbyss.Foundation.Execution.csproj" />
    <Project Path="src/Orbyss.Foundation.Execution.Core/Orbyss.Foundation.Execution.Core.csproj" />
    <Project Path="src/Orbyss.Foundation.PostgreSql/Orbyss.Foundation.PostgreSql.csproj" />
    <Project Path="src/Orbyss.Foundation.Web.ProblemDetails.Core/Orbyss.Foundation.Web.ProblemDetails.Core.csproj" />
  </Folder>
  <Folder Name="/tests/" />
  <Folder Name="/tests/dotnet/">
    <Project Path="tests/dotnet/Orbyss.Foundation.Authentication.Assurance.Probe/Orbyss.Foundation.Authentication.Assurance.Probe.csproj" />
    <Project Path="tests/dotnet/Orbyss.Foundation.Authentication.BffCookie.Probe/Orbyss.Foundation.Authentication.BffCookie.Probe.csproj" />
    <Project Path="tests/dotnet/Orbyss.Foundation.Authentication.ClientCredentials.Probe/Orbyss.Foundation.Authentication.ClientCredentials.Probe.csproj" />
    <Project Path="tests/dotnet/Orbyss.Foundation.Authentication.DownstreamApi.Probe/Orbyss.Foundation.Authentication.DownstreamApi.Probe.csproj" />
    <Project Path="tests/dotnet/Orbyss.Foundation.Authentication.DPoP.Probe/Orbyss.Foundation.Authentication.DPoP.Probe.csproj" />
    <Project Path="tests/dotnet/Orbyss.Foundation.Authentication.JwksRotation.Probe/Orbyss.Foundation.Authentication.JwksRotation.Probe.csproj" />
    <Project Path="tests/dotnet/Orbyss.Foundation.Authentication.TokenExchange.Probe/Orbyss.Foundation.Authentication.TokenExchange.Probe.csproj" />
    <Project Path="tests/dotnet/Orbyss.Foundation.DomainEvents.Probe/Orbyss.Foundation.DomainEvents.Probe.csproj" />
    <Project Path="tests/dotnet/Orbyss.Foundation.Identity.Keycloak.Admin.Probe/Orbyss.Foundation.Identity.Keycloak.Admin.Probe.csproj" />
    <Project Path="tests/dotnet/Orbyss.Foundation.Json.Probe/Orbyss.Foundation.Json.Probe.csproj" />
    <Project Path="tests/dotnet/Orbyss.Foundation.Web.Discovery.Probe/Orbyss.Foundation.Web.Discovery.Probe.csproj" />
    <Project Path="tests/dotnet/Orbyss.Foundation.Web.HostedPages.Probe/Orbyss.Foundation.Web.HostedPages.Probe.csproj" />
    <Project Path="tests/dotnet/Orbyss.Foundation.WebDefaults.Probe/Orbyss.Foundation.WebDefaults.Probe.csproj" />
    <Project Path="tests/dotnet/Orbyss.Foundation.Collections.Probe/Orbyss.Foundation.Collections.Probe.csproj" />
    <Project Path="tests/dotnet/Orbyss.Foundation.Json.Admission.Probe/Orbyss.Foundation.Json.Admission.Probe.csproj" />
    <Project Path="tests/dotnet/Orbyss.Foundation.Json.Budget.Probe/Orbyss.Foundation.Json.Budget.Probe.csproj" />
    <Project Path="tests/dotnet/Orbyss.Foundation.Json.Http.Probe/Orbyss.Foundation.Json.Http.Probe.csproj" />
    <Project Path="tests/dotnet/Orbyss.Foundation.PostgreSql.Probe/Orbyss.Foundation.PostgreSql.Probe.csproj" />
    <Project Path="tests/dotnet/Orbyss.Foundation.Web.ProblemDetails.Probe/Orbyss.Foundation.Web.ProblemDetails.Probe.csproj" />
  </Folder>
</Solution>