{
  "version": 2,
  "dependencies": {
    "net10.0": {
      "CShells.AspNetCore": {
        "type": "Direct",
        "requested": "[0.0.30-preview.159, )",
        "resolved": "0.0.30-preview.159",
        "contentHash": "A8Ekcd7WHN/rVWLEEMtfA/P2UbJ2pbGLbkOtx7pwIx2kBYmzx5DwpzTyK+LBiCuGIAXODsZW8YUFwD9Yfk4Z5A==",
        "dependencies": {
          "CShells": "0.0.30-preview.159",
          "CShells.AspNetCore.Abstractions": "0.0.30-preview.159",
          "JetBrains.Annotations": "2025.2.4"
        }
      },
      "Nuplane": {
        "type": "Direct",
        "requested": "[1.0.0-preview.10, )",
        "resolved": "1.0.0-preview.10",
        "contentHash": "2ihQ+TiiRS43kw49vrnvpgETtWgJ7Mr8iX/8iv7JIG0/78oqYqjra71UKGUBkgGjXbzhy+vOm3/ANEHIyjjZiA==",
        "dependencies": {
          "Microsoft.Extensions.Resilience": "10.1.0",
          "NuGet.Protocol": "6.13.1",
          "NuGet.Versioning": "6.13.1",
          "Nuplane.Abstractions": "1.0.0-preview.10",
          "Polly.Extensions": "8.6.5"
        }
      },
      "Nuplane.Loading": {
        "type": "Direct",
        "requested": "[1.0.0-preview.10, )",
        "resolved": "1.0.0-preview.10",
        "contentHash": "DAwtel5ecX1JcuyjhOQok9KpeXuoLM0+mJ7GDPt2B7ymj3KR3HYWkRZmct/2g1TnKdgvhzWSfpvfDqx76YfhdA==",
        "dependencies": {
          "Nuplane": "1.0.0-preview.10",
          "Nuplane.Abstractions": "1.0.0-preview.10",
          "Nuplane.Loading.Abstractions": "1.0.0-preview.10"
        }
      },
      "Nuplane.Sources.Directory": {
        "type": "Direct",
        "requested": "[1.0.0-preview.10, )",
        "resolved": "1.0.0-preview.10",
        "contentHash": "S8ifO+8zqO4IcR8s+PMcJWZNdExUtwusFry0i8qa5GmezYx5Rva6OM4lVGtgVo+DwXtKeMbc1RkawzfEfBzjyw==",
        "dependencies": {
          "Nuplane": "1.0.0-preview.10"
        }
      },
      "CShells": {
        "type": "Transitive",
        "resolved": "0.0.30-preview.159",
        "contentHash": "x6qrRjUbjj9FbgeeqgUWrDoSxbW48zna/cvXhZYJGsKBmnS0cErPY/+QiFSmuAzXrcwuf9nDBod5DK7BbpIReA==",
        "dependencies": {
          "CShells.Abstractions": "0.0.30-preview.159",
          "JetBrains.Annotations": "2025.2.4",
          "Microsoft.Extensions.DependencyModel": "10.0.1"
        }
      },
      "JetBrains.Annotations": {
        "type": "Transitive",
        "resolved": "2025.2.4",
        "contentHash": "TwbgxAkXxY+vNEhNVx/QXjJ4vqxmepOjsgRvvImQPbHkHMMb4W+ahL3laMsxXKtNT7iMy+E1B3xkqao2hf1n3A=="
      },
      "Microsoft.Extensions.Compliance.Abstractions": {
        "type": "Transitive",
        "resolved": "10.1.0",
        "contentHash": "M3JWrgZMkVzyEybZzNkTiC/e8U1ipXTi8xm8bj+PHHp4AcEmhmIEqnxRS0VHVCKZjLkOPt2hY2CIisUFQ6gqLA=="
      },
      "Microsoft.Extensions.DependencyModel": {
        "type": "Transitive",
        "resolved": "10.0.1",
        "contentHash": "IiWPd4j8JLNjSkyXl5hvJwX2ZENDVQVPDHYgZmYdw8+YkY2xp9iQt0vjdnAQZLpo/ipeW1xgOqfSBEnivKWPYQ=="
      },
      "Microsoft.Extensions.Diagnostics.ExceptionSummarization": {
        "type": "Transitive",
        "resolved": "10.1.0",
        "contentHash": "Q76peCoP6vXXf95RLFeMGzcaQs8l3lk+n/ZOTi2i+OLd3R0HzzB0Fswjua4NY1viIbA1s6l1mqRjQbxY7+Jylw=="
      },
      "Microsoft.Extensions.Resilience": {
        "type": "Transitive",
        "resolved": "10.1.0",
        "contentHash": "NzA+c4m2q92qZPjiZLFm+ToeQC3KFqzP+Dr/1pV5y9d7H/hDM2Yxno0kcw5DGpSvS0s6Pwsp+FWMdk/kXBPZ7g==",
        "dependencies": {
          "Microsoft.Extensions.Diagnostics.ExceptionSummarization": "10.1.0",
          "Microsoft.Extensions.Telemetry.Abstractions": "10.1.0",
          "Polly.Extensions": "8.4.2",
          "Polly.RateLimiting": "8.4.2"
        }
      },
      "Microsoft.Extensions.Telemetry.Abstractions": {
        "type": "Transitive",
        "resolved": "10.1.0",
        "contentHash": "0jAF2b0YJ1LOtunmo3PzSoJOx/ThhcGH5Y5kaV0jeM0BUlyr9orjg+fH5YabqnPSmwcN/DSTj0iZ7UwDISn5ag==",
        "dependencies": {
          "Microsoft.Extensions.Compliance.Abstractions": "10.1.0"
        }
      },
      "Newtonsoft.Json": {
        "type": "Transitive",
        "resolved": "13.0.3",
        "contentHash": "HrC5BXdl00IP9zeV+0Z848QWPAoCr9P3bDEZguI+gkLcBKAOxix/tLEAAHC+UvDNPv4a2d18lOReHMOagPa+zQ=="
      },
      "NuGet.Common": {
        "type": "Transitive",
        "resolved": "6.13.1",
        "contentHash": "W3AdCslzmjRqTKAzcAf+EDhxkFjEwVdj5bkBkWlsqqgn9svLSno/JhTWxTEDggW/ju5fFoEpSDr9NyEnSw8sZw==",
        "dependencies": {
          "NuGet.Frameworks": "6.13.1"
        }
      },
      "NuGet.Configuration": {
        "type": "Transitive",
        "resolved": "6.13.1",
        "contentHash": "jw6wvfdoA8IvZhhBx+yEe997nzfpF4uE6Zq4sQTwJ0jaukEKSYlM/AoUUsZIdYCw9MkYlpdo69qWRMf3WnSCQQ==",
        "dependencies": {
          "NuGet.Common": "6.13.1",
          "System.Security.Cryptography.ProtectedData": "4.4.0"
        }
      },
      "NuGet.Frameworks": {
        "type": "Transitive",
        "resolved": "6.13.1",
        "contentHash": "KvfijSQRsKFhuAuoZxs/zp3QlD92ZLhXTMzLfYAgu6Ir6gLtfpRgC16u3/rvfzbTvbVYgI90A0EAb3e99hnyEg=="
      },
      "NuGet.Packaging": {
        "type": "Transitive",
        "resolved": "6.13.1",
        "contentHash": "P6A2m6ong+KCaEaXYmMicsiJ4VPBBZUnUS7WdEkSonz6SH4KGMr4XcpEDYxg4yGXdY4b6Id0xOsYaCkX4Jaquw==",
        "dependencies": {
          "Newtonsoft.Json": "13.0.3",
          "NuGet.Configuration": "6.13.1",
          "NuGet.Versioning": "6.13.1",
          "System.Security.Cryptography.Pkcs": "6.0.4"
        }
      },
      "NuGet.Protocol": {
        "type": "Transitive",
        "resolved": "6.13.1",
        "contentHash": "do4DFom8As6Tf55UlcNa3o4VyuTJhBvK2WtdCSVs4Nlwpo4JeIM3aI6rzAAu4zp2X06lelhnMXBj3aowbizeqQ==",
        "dependencies": {
          "NuGet.Packaging": "6.13.1"
        }
      },
      "NuGet.Versioning": {
        "type": "Transitive",
        "resolved": "6.13.1",
        "contentHash": "WE0icmymp5K1GrSgIWfePeu93eLYOrjNTTi5swZkCzq5f2/LL5qlgBOLE8dv+q0roLHsr/MhuT8IPmz2x58lEw=="
      },
      "Nuplane.Abstractions": {
        "type": "Transitive",
        "resolved": "1.0.0-preview.10",
        "contentHash": "sGU5ye7DvGYiZZHq1us0uEZY7cI3q1d3azRyDZSmbMYzcP1Dc7Hb8hWhjrB3DwtCnjMd0ZwjAoW2LIFBonpnfw=="
      },
      "Nuplane.Loading.Abstractions": {
        "type": "Transitive",
        "resolved": "1.0.0-preview.10",
        "contentHash": "A02QtWTVkA0w8IbMBvUn+hQaZn6HeUA7a47F0e4H50s2B59g8KkC0ZOUZD3uk1CNDvWFFf18UUnCJjAS3tGqBA==",
        "dependencies": {
          "Nuplane.Abstractions": "1.0.0-preview.10"
        }
      },
      "Polly.Core": {
        "type": "Transitive",
        "resolved": "8.6.5",
        "contentHash": "t+sUVrIwvo7UmsgHGgOG9F0GDZSRIm47u2ylH17Gvcv1q5hNEwgD5GoBlFyc0kh/pebmPyrAgvGsR/65ZBaXlg=="
      },
      "Polly.Extensions": {
        "type": "Transitive",
        "resolved": "8.6.5",
        "contentHash": "Ui+qN9zCgcy0/YEthA0wVm1mrDQe7+ud82Vz5wedbk22t17t6G+6nm/Q3GYxyCyTl5UFVoO2MbfmDv7a0K6Zww==",
        "dependencies": {
          "Polly.Core": "8.6.5"
        }
      },
      "Polly.RateLimiting": {
        "type": "Transitive",
        "resolved": "8.4.2",
        "contentHash": "ehTImQ/eUyO07VYW2WvwSmU9rRH200SKJ/3jku9rOkyWE0A2JxNFmAVms8dSn49QLSjmjFRRSgfNyOgr/2PSmA==",
        "dependencies": {
          "Polly.Core": "8.4.2"
        }
      },
      "System.Security.Cryptography.Pkcs": {
        "type": "Transitive",
        "resolved": "6.0.4",
        "contentHash": "LGbXi1oUJ9QgCNGXRO9ndzBL/GZgANcsURpMhNR8uO+rca47SZmciS3RSQUvlQRwK3QHZSHNOXzoMUASKA+Anw=="
      },
      "System.Security.Cryptography.ProtectedData": {
        "type": "Transitive",
        "resolved": "4.4.0",
        "contentHash": "cJV7ScGW7EhatRsjehfvvYVBvtiSMKgN8bOVI0bQhnF5bU7vnHVIsH49Kva7i7GWaWYvmEzkYVk1TC+gZYBEog=="
      },
      "CShells.Abstractions": {
        "type": "CentralTransitive",
        "requested": "[0.0.30-preview.159, )",
        "resolved": "0.0.30-preview.159",
        "contentHash": "es495Gvvqx1t0DJomzsfoxlIE/k8ZMEj3OaL/uKvdUd5cXpfQowko63T03LlRhTBS7Nhm6xoPoQW1cZAx6e8uQ==",
        "dependencies": {
          "JetBrains.Annotations": "2025.2.4"
        }
      },
      "CShells.AspNetCore.Abstractions": {
        "type": "CentralTransitive",
        "requested": "[0.0.30-preview.159, )",
        "resolved": "0.0.30-preview.159",
        "contentHash": "13PD+8QJBhWA9gwU3Io4bFRzSDpMJrvwjfKiW7AvfSY+EaSI5Aa7Jsa26O4N7n49eN/fWXMtRhbOibYUqnom1A==",
        "dependencies": {
          "CShells.Abstractions": "0.0.30-preview.159",
          "JetBrains.Annotations": "2025.2.4"
        }
      }
    }
  }
}